{
  "name": "@libs-scripts-mep/temp-sim",
  "version": "2.0.2",
  "lockfileVersion": 2,
  "requires": true,
  "packages": {
    "": {
      "name": "@libs-scripts-mep/temp-sim",
      "version": "2.0.2",
      "license": "ISC",
      "dependencies": {
        "@libs-scripts-mep/crc": "^1.0.0",
        "@libs-scripts-mep/serial-pvi": "^1.2.0"
      }
    },
    "node_modules/@libs-scripts-mep/crc": {
      "version": "1.1.0",
      "resolved": "https://registry.npmjs.org/@libs-scripts-mep/crc/-/crc-1.1.0.tgz",
      "integrity": "sha512-8J1JZkKku4jSvgiGWRvUNrc3Rs2j5HQzQ9xgplkC/FNYyIOIKqq/qpfcpltUwEkndSpq0ZiKWHdgm7pXvKiOqQ=="
    },
    "node_modules/@libs-scripts-mep/serial-pvi": {
      "version": "1.2.0",
      "resolved": "https://registry.npmjs.org/@libs-scripts-mep/serial-pvi/-/serial-pvi-1.2.0.tgz",
      "integrity": "sha512-vA2rdtzhxefizeC+kbCVA4u76iQ6mjtTj7fuzCyo5uW2+SkbMsAXszED/bFk5h8W5rz904sb3D8SDAXl6lBcuw=="
    }
  },
  "dependencies": {
    "@libs-scripts-mep/crc": {
      "version": "1.1.0",
      "resolved": "https://registry.npmjs.org/@libs-scripts-mep/crc/-/crc-1.1.0.tgz",
      "integrity": "sha512-8J1JZkKku4jSvgiGWRvUNrc3Rs2j5HQzQ9xgplkC/FNYyIOIKqq/qpfcpltUwEkndSpq0ZiKWHdgm7pXvKiOqQ=="
    },
    "@libs-scripts-mep/serial-pvi": {
      "version": "1.2.0",
      "resolved": "https://registry.npmjs.org/@libs-scripts-mep/serial-pvi/-/serial-pvi-1.2.0.tgz",
      "integrity": "sha512-vA2rdtzhxefizeC+kbCVA4u76iQ6mjtTj7fuzCyo5uW2+SkbMsAXszED/bFk5h8W5rz904sb3D8SDAXl6lBcuw=="
    }
  }
}
