{
  "name": "@libs-scripts-mep/temp-sim",
<<<<<<< HEAD
  "version": "5.1.0",
=======
  "version": "5.0.2",
>>>>>>> b59bbd34632affe92b8632625632758ee6f3583a
  "lockfileVersion": 3,
  "requires": true,
  "packages": {
    "": {
      "name": "@libs-scripts-mep/temp-sim",
<<<<<<< HEAD
      "version": "5.1.0",
=======
      "version": "5.0.2",
>>>>>>> b59bbd34632affe92b8632625632758ee6f3583a
      "license": "ISC"
    }
  }
}
