{
  "name": "temp-sim",
  "lockfileVersion": 2,
  "requires": true,
  "packages": {
    "": {
      "dependencies": {
        "@libs-scripts-mep/serial-pvi": "^1.2.0"
      }
    },
    "node_modules/@libs-scripts-mep/serial-pvi": {
      "version": "1.2.0",
      "resolved": "https://registry.npmjs.org/@libs-scripts-mep/serial-pvi/-/serial-pvi-1.2.0.tgz",
      "integrity": "sha512-vA2rdtzhxefizeC+kbCVA4u76iQ6mjtTj7fuzCyo5uW2+SkbMsAXszED/bFk5h8W5rz904sb3D8SDAXl6lBcuw=="
    }
  },
  "dependencies": {
    "@libs-scripts-mep/serial-pvi": {
      "version": "1.2.0",
      "resolved": "https://registry.npmjs.org/@libs-scripts-mep/serial-pvi/-/serial-pvi-1.2.0.tgz",
      "integrity": "sha512-vA2rdtzhxefizeC+kbCVA4u76iQ6mjtTj7fuzCyo5uW2+SkbMsAXszED/bFk5h8W5rz904sb3D8SDAXl6lBcuw=="
    }
  }
}
